
Microsoft Visual Studio Solution File, Format Version 12.00
# Visual Studio Version 17
VisualStudioVersion = 17.8.34525.116
MinimumVisualStudioVersion = 10.0.40219.1
Project("{9A19103F-16F7-4668-BE54-9A1E7A4F7556}") = "YouBoss", "YouBoss.csproj", "{76FAFA78-E237-40D6-A1D5-B28F1612C561}"
EndProject
Global
	GlobalSection(SolutionConfigurationPlatforms) = preSolution
		Debug|Any CPU = Debug|Any CPU
		Release|Any CPU = Release|Any CPU
	EndGlobalSection
	GlobalSection(ProjectConfigurationPlatforms) = postSolution
		{76FAFA78-E237-40D6-A1D5-B28F1612C561}.Debug|Any CPU.ActiveCfg = Debug|Any CPU
		{76FAFA78-E237-40D6-A1D5-B28F1612C561}.Debug|Any CPU.Build.0 = Debug|Any CPU
		{76FAFA78-E237-40D6-A1D5-B28F1612C561}.Release|Any CPU.ActiveCfg = Release|Any CPU
		{76FAFA78-E237-40D6-A1D5-B28F1612C561}.Release|Any CPU.Build.0 = Release|Any CPU
	EndGlobalSection
	GlobalSection(SolutionProperties) = preSolution
		HideSolutionNode = FALSE
	EndGlobalSection
	GlobalSection(ExtensibilityGlobals) = postSolution
		SolutionGuid = {045B5249-9F8A-4A3B-B844-C97C8F9BE124}
	EndGlobalSection
EndGlobal
